// !$*UTF8*$!
{
	archiveVersion = 1;
	classes = {
	};
	objectVersion = 77;
	objects = {

/* Begin PBXBuildFile section */
		80731FA62D9A74080086A0FA /* FirebaseAnalytics in Frameworks */ = {isa = PBXBuildFile; productRef = 80731FA52D9A74080086A0FA /* FirebaseAnalytics */; };
		80731FA82D9A74080086A0FA /* FirebaseAnalyticsOnDeviceConversion in Frameworks */ = {isa = PBXBuildFile; productRef = 80731FA72D9A74080086A0FA /* FirebaseAnalyticsOnDeviceConversion */; };
		80731FAA2D9A74080086A0FA /* FirebaseAnalyticsWithoutAdIdSupport in Frameworks */ = {isa = PBXBuildFile; productRef = 80731FA92D9A74080086A0FA /* FirebaseAnalyticsWithoutAdIdSupport */; };
		80731FAC2D9A74080086A0FA /* FirebaseAppCheck in Frameworks */ = {isa = PBXBuildFile; productRef = 80731FAB2D9A74080086A0FA /* FirebaseAppCheck */; };
		80731FAE2D9A74080086A0FA /* FirebaseAppDistribution-Beta in Frameworks */ = {isa = PBXBuildFile; productRef = 80731FAD2D9A74080086A0FA /* FirebaseAppDistribution-Beta */; };
		80A49B8A2D9AF8AA0003FB4E /* FirebaseAnalytics in Frameworks */ = {isa = PBXBuildFile; productRef = 80A49B892D9AF8AA0003FB4E /* FirebaseAnalytics */; };
		80A49B8C2D9AF8AA0003FB4E /* FirebaseAppCheck in Frameworks */ = {isa = PBXBuildFile; productRef = 80A49B8B2D9AF8AA0003FB4E /* FirebaseAppCheck */; };
		80A49B8E2D9AF8AA0003FB4E /* FirebaseAuth in Frameworks */ = {isa = PBXBuildFile; productRef = 80A49B8D2D9AF8AA0003FB4E /* FirebaseAuth */; };
		80A49B902D9AF8AA0003FB4E /* FirebaseCore in Frameworks */ = {isa = PBXBuildFile; productRef = 80A49B8F2D9AF8AA0003FB4E /* FirebaseCore */; };
		80A49B922D9AF8AA0003FB4E /* FirebaseFirestore in Frameworks */ = {isa = PBXBuildFile; productRef = 80A49B912D9AF8AA0003FB4E /* FirebaseFirestore */; };
		80A49B942D9AF8AA0003FB4E /* FirebaseMessaging in Frameworks */ = {isa = PBXBuildFile; productRef = 80A49B932D9AF8AA0003FB4E /* FirebaseMessaging */; };
		80A49B962D9AF8AA0003FB4E /* FirebaseRemoteConfig in Frameworks */ = {isa = PBXBuildFile; productRef = 80A49B952D9AF8AA0003FB4E /* FirebaseRemoteConfig */; };
		AA360F74FD8580674F070767 /* Pods_PushBetNotifApp.framework in Frameworks */ = {isa = PBXBuildFile; fileRef = B923F1EA4AA948F9AE80888A /* Pods_PushBetNotifApp.framework */; };
/* End PBXBuildFile section */

/* Begin PBXContainerItemProxy section */
		8013E4B52D99B22F00EA4E6F /* PBXContainerItemProxy */ = {
			isa = PBXContainerItemProxy;
			containerPortal = 8013E49C2D99B22B00EA4E6F /* Project object */;
			proxyType = 1;
			remoteGlobalIDString = 8013E4A32D99B22B00EA4E6F;
			remoteInfo = PushBetNotifApp;
		};
		8013E4BF2D99B23000EA4E6F /* PBXContainerItemProxy */ = {
			isa = PBXContainerItemProxy;
			containerPortal = 8013E49C2D99B22B00EA4E6F /* Project object */;
			proxyType = 1;
			remoteGlobalIDString = 8013E4A32D99B22B00EA4E6F;
			remoteInfo = PushBetNotifApp;
		};
/* End PBXContainerItemProxy section */

/* Begin PBXFileReference section */
		8013E4A42D99B22B00EA4E6F /* PushBetNotifApp.app */ = {isa = PBXFileReference; explicitFileType = wrapper.application; includeInIndex = 0; path = PushBetNotifApp.app; sourceTree = BUILT_PRODUCTS_DIR; };
		8013E4B42D99B22F00EA4E6F /* PushBetNotifAppTests.xctest */ = {isa = PBXFileReference; explicitFileType = wrapper.cfbundle; includeInIndex = 0; path = PushBetNotifAppTests.xctest; sourceTree = BUILT_PRODUCTS_DIR; };
		8013E4BE2D99B23000EA4E6F /* PushBetNotifAppUITests.xctest */ = {isa = PBXFileReference; explicitFileType = wrapper.cfbundle; includeInIndex = 0; path = PushBetNotifAppUITests.xctest; sourceTree = BUILT_PRODUCTS_DIR; };
		8FDFC02CBADE768D9693AC2A /* Pods-PushBetNotifApp.debug.xcconfig */ = {isa = PBXFileReference; includeInIndex = 1; lastKnownFileType = text.xcconfig; name = "Pods-PushBetNotifApp.debug.xcconfig"; path = "Target Support Files/Pods-PushBetNotifApp/Pods-PushBetNotifApp.debug.xcconfig"; sourceTree = "<group>"; };
		B923F1EA4AA948F9AE80888A /* Pods_PushBetNotifApp.framework */ = {isa = PBXFileReference; explicitFileType = wrapper.framework; includeInIndex = 0; path = Pods_PushBetNotifApp.framework; sourceTree = BUILT_PRODUCTS_DIR; };
		BF3A89213697101325A2C108 /* Pods-PushBetNotifApp.release.xcconfig */ = {isa = PBXFileReference; includeInIndex = 1; lastKnownFileType = text.xcconfig; name = "Pods-PushBetNotifApp.release.xcconfig"; path = "Target Support Files/Pods-PushBetNotifApp/Pods-PushBetNotifApp.release.xcconfig"; sourceTree = "<group>"; };
/* End PBXFileReference section */

/* Begin PBXFileSystemSynchronizedBuildFileExceptionSet section */
		80731FB32D9A763B0086A0FA /* Exceptions for "PushBetNotifApp" folder in "PushBetNotifApp" target */ = {
			isa = PBXFileSystemSynchronizedBuildFileExceptionSet;
			membershipExceptions = (
				Info.plist,
			);
			target = 8013E4A32D99B22B00EA4E6F /* PushBetNotifApp */;
		};
/* End PBXFileSystemSynchronizedBuildFileExceptionSet section */

/* Begin PBXFileSystemSynchronizedRootGroup section */
		8013E4A62D99B22B00EA4E6F /* PushBetNotifApp */ = {
			isa = PBXFileSystemSynchronizedRootGroup;
			exceptions = (
				80731FB32D9A763B0086A0FA /* Exceptions for "PushBetNotifApp" folder in "PushBetNotifApp" target */,
			);
			path = PushBetNotifApp;
			sourceTree = "<group>";
		};
		8013E4B72D99B22F00EA4E6F /* PushBetNotifAppTests */ = {
			isa = PBXFileSystemSynchronizedRootGroup;
			path = PushBetNotifAppTests;
			sourceTree = "<group>";
		};
		8013E4C12D99B23000EA4E6F /* PushBetNotifAppUITests */ = {
			isa = PBXFileSystemSynchronizedRootGroup;
			path = PushBetNotifAppUITests;
			sourceTree = "<group>";
		};
/* End PBXFileSystemSynchronizedRootGroup section */

/* Begin PBXFrameworksBuildPhase section */
		8013E4A12D99B22B00EA4E6F /* Frameworks */ = {
			isa = PBXFrameworksBuildPhase;
			buildActionMask = 2147483647;
			files = (
				80A49B942D9AF8AA0003FB4E /* FirebaseMessaging in Frameworks */,
				80A49B8C2D9AF8AA0003FB4E /* FirebaseAppCheck in Frameworks */,
				80A49B8A2D9AF8AA0003FB4E /* FirebaseAnalytics in Frameworks */,
				80731FA62D9A74080086A0FA /* FirebaseAnalytics in Frameworks */,
				80731FA82D9A74080086A0FA /* FirebaseAnalyticsOnDeviceConversion in Frameworks */,
				80A49B8E2D9AF8AA0003FB4E /* FirebaseAuth in Frameworks */,
				AA360F74FD8580674F070767 /* Pods_PushBetNotifApp.framework in Frameworks */,
				80A49B902D9AF8AA0003FB4E /* FirebaseCore in Frameworks */,
				80731FAC2D9A74080086A0FA /* FirebaseAppCheck in Frameworks */,
				80731FAA2D9A74080086A0FA /* FirebaseAnalyticsWithoutAdIdSupport in Frameworks */,
				80A49B962D9AF8AA0003FB4E /* FirebaseRemoteConfig in Frameworks */,
				80A49B922D9AF8AA0003FB4E /* FirebaseFirestore in Frameworks */,
				80731FAE2D9A74080086A0FA /* FirebaseAppDistribution-Beta in Frameworks */,
			);
			runOnlyForDeploymentPostprocessing = 0;
		};
		8013E4B12D99B22F00EA4E6F /* Frameworks */ = {
			isa = PBXFrameworksBuildPhase;
			buildActionMask = 2147483647;
			files = (
			);
			runOnlyForDeploymentPostprocessing = 0;
		};
		8013E4BB2D99B23000EA4E6F /* Frameworks */ = {
			isa = PBXFrameworksBuildPhase;
			buildActionMask = 2147483647;
			files = (
			);
			runOnlyForDeploymentPostprocessing = 0;
		};
/* End PBXFrameworksBuildPhase section */

/* Begin PBXGroup section */
		001DA3FC6A3BBFB4CF01EC8F /* Frameworks */ = {
			isa = PBXGroup;
			children = (
				B923F1EA4AA948F9AE80888A /* Pods_PushBetNotifApp.framework */,
			);
			name = Frameworks;
			sourceTree = "<group>";
		};
		17E0FBFFB1D9A05C906E57AC /* Pods */ = {
			isa = PBXGroup;
			children = (
				8FDFC02CBADE768D9693AC2A /* Pods-PushBetNotifApp.debug.xcconfig */,
				BF3A89213697101325A2C108 /* Pods-PushBetNotifApp.release.xcconfig */,
			);
			path = Pods;
			sourceTree = "<group>";
		};
		8013E49B2D99B22B00EA4E6F = {
			isa = PBXGroup;
			children = (
				8013E4A62D99B22B00EA4E6F /* PushBetNotifApp */,
				8013E4B72D99B22F00EA4E6F /* PushBetNotifAppTests */,
				8013E4C12D99B23000EA4E6F /* PushBetNotifAppUITests */,
				8013E4A52D99B22B00EA4E6F /* Products */,
				17E0FBFFB1D9A05C906E57AC /* Pods */,
				001DA3FC6A3BBFB4CF01EC8F /* Frameworks */,
			);
			sourceTree = "<group>";
		};
		8013E4A52D99B22B00EA4E6F /* Products */ = {
			isa = PBXGroup;
			children = (
				8013E4A42D99B22B00EA4E6F /* PushBetNotifApp.app */,
				8013E4B42D99B22F00EA4E6F /* PushBetNotifAppTests.xctest */,
				8013E4BE2D99B23000EA4E6F /* PushBetNotifAppUITests.xctest */,
			);
			name = Products;
			sourceTree = "<group>";
		};
/* End PBXGroup section */

/* Begin PBXNativeTarget section */
		8013E4A32D99B22B00EA4E6F /* PushBetNotifApp */ = {
			isa = PBXNativeTarget;
			buildConfigurationList = 8013E4C82D99B23000EA4E6F /* Build configuration list for PBXNativeTarget "PushBetNotifApp" */;
			buildPhases = (
				962D73227405DBDACC978581 /* [CP] Check Pods Manifest.lock */,
				8013E4A02D99B22B00EA4E6F /* Sources */,
				8013E4A12D99B22B00EA4E6F /* Frameworks */,
				8013E4A22D99B22B00EA4E6F /* Resources */,
				2C53D5F12215AE141B423EC9 /* [CP] Embed Pods Frameworks */,
			);
			buildRules = (
			);
			dependencies = (
			);
			fileSystemSynchronizedGroups = (
				8013E4A62D99B22B00EA4E6F /* PushBetNotifApp */,
			);
			name = PushBetNotifApp;
			productName = PushBetNotifApp;
			productReference = 8013E4A42D99B22B00EA4E6F /* PushBetNotifApp.app */;
			productType = "com.apple.product-type.application";
		};
		8013E4B32D99B22F00EA4E6F /* PushBetNotifAppTests */ = {
			isa = PBXNativeTarget;
			buildConfigurationList = 8013E4CB2D99B23000EA4E6F /* Build configuration list for PBXNativeTarget "PushBetNotifAppTests" */;
			buildPhases = (
				8013E4B02D99B22F00EA4E6F /* Sources */,
				8013E4B12D99B22F00EA4E6F /* Frameworks */,
				8013E4B22D99B22F00EA4E6F /* Resources */,
			);
			buildRules = (
			);
			dependencies = (
				8013E4B62D99B22F00EA4E6F /* PBXTargetDependency */,
			);
			fileSystemSynchronizedGroups = (
				8013E4B72D99B22F00EA4E6F /* PushBetNotifAppTests */,
			);
			name = PushBetNotifAppTests;
			productName = PushBetNotifAppTests;
			productReference = 8013E4B42D99B22F00EA4E6F /* PushBetNotifAppTests.xctest */;
			productType = "com.apple.product-type.bundle.unit-test";
		};
		8013E4BD2D99B23000EA4E6F /* PushBetNotifAppUITests */ = {
			isa = PBXNativeTarget;
			buildConfigurationList = 8013E4CE2D99B23000EA4E6F /* Build configuration list for PBXNativeTarget "PushBetNotifAppUITests" */;
			buildPhases = (
				8013E4BA2D99B23000EA4E6F /* Sources */,
				8013E4BB2D99B23000EA4E6F /* Frameworks */,
				8013E4BC2D99B23000EA4E6F /* Resources */,
			);
			buildRules = (
			);
			dependencies = (
				8013E4C02D99B23000EA4E6F /* PBXTargetDependency */,
			);
			fileSystemSynchronizedGroups = (
				8013E4C12D99B23000EA4E6F /* PushBetNotifAppUITests */,
			);
			name = PushBetNotifAppUITests;
			productName = PushBetNotifAppUITests;
			productReference = 8013E4BE2D99B23000EA4E6F /* PushBetNotifAppUITests.xctest */;
			productType = "com.apple.product-type.bundle.ui-testing";
		};
/* End PBXNativeTarget section */

/* Begin PBXProject section */
		8013E49C2D99B22B00EA4E6F /* Project object */ = {
			isa = PBXProject;
			attributes = {
				BuildIndependentTargetsInParallel = 1;
				LastSwiftUpdateCheck = 1620;
				LastUpgradeCheck = 1620;
				TargetAttributes = {
					8013E4A32D99B22B00EA4E6F = {
						CreatedOnToolsVersion = 16.2;
					};
					8013E4B32D99B22F00EA4E6F = {
						CreatedOnToolsVersion = 16.2;
						TestTargetID = 8013E4A32D99B22B00EA4E6F;
					};
					8013E4BD2D99B23000EA4E6F = {
						CreatedOnToolsVersion = 16.2;
						TestTargetID = 8013E4A32D99B22B00EA4E6F;
					};
				};
			};
			buildConfigurationList = 8013E49F2D99B22B00EA4E6F /* Build configuration list for PBXProject "PushBetNotifApp" */;
			developmentRegion = en;
			hasScannedForEncodings = 0;
			knownRegions = (
				en,
				Base,
			);
			mainGroup = 8013E49B2D99B22B00EA4E6F;
			minimizedProjectReferenceProxies = 1;
			packageReferences = (
				80731FA42D9A74080086A0FA /* XCRemoteSwiftPackageReference "firebase-ios-sdk" */,
			);
			preferredProjectObjectVersion = 77;
			productRefGroup = 8013E4A52D99B22B00EA4E6F /* Products */;
			projectDirPath = "";
			projectRoot = "";
			targets = (
				8013E4A32D99B22B00EA4E6F /* PushBetNotifApp */,
				8013E4B32D99B22F00EA4E6F /* PushBetNotifAppTests */,
				8013E4BD2D99B23000EA4E6F /* PushBetNotifAppUITests */,
			);
		};
/* End PBXProject section */

/* Begin PBXResourcesBuildPhase section */
		8013E4A22D99B22B00EA4E6F /* Resources */ = {
			isa = PBXResourcesBuildPhase;
			buildActionMask = 2147483647;
			files = (
			);
			runOnlyForDeploymentPostprocessing = 0;
		};
		8013E4B22D99B22F00EA4E6F /* Resources */ = {
			isa = PBXResourcesBuildPhase;
			buildActionMask = 2147483647;
			files = (
			);
			runOnlyForDeploymentPostprocessing = 0;
		};
		8013E4BC2D99B23000EA4E6F /* Resources */ = {
			isa = PBXResourcesBuildPhase;
			buildActionMask = 2147483647;
			files = (
			);
			runOnlyForDeploymentPostprocessing = 0;
		};
/* End PBXResourcesBuildPhase section */

/* Begin PBXShellScriptBuildPhase section */
		2C53D5F12215AE141B423EC9 /* [CP] Embed Pods Frameworks */ = {
			isa = PBXShellScriptBuildPhase;
			buildActionMask = 2147483647;
			files = (
			);
			inputFileListPaths = (
				"${PODS_ROOT}/Target Support Files/Pods-PushBetNotifApp/Pods-PushBetNotifApp-frameworks-${CONFIGURATION}-input-files.xcfilelist",
			);
			inputPaths = (
			);
			name = "[CP] Embed Pods Frameworks";
			outputFileListPaths = (
				"${PODS_ROOT}/Target Support Files/Pods-PushBetNotifApp/Pods-PushBetNotifApp-frameworks-${CONFIGURATION}-output-files.xcfilelist",
			);
			outputPaths = (
			);
			runOnlyForDeploymentPostprocessing = 0;
			shellPath = /bin/sh;
			shellScript = "\"${PODS_ROOT}/Target Support Files/Pods-PushBetNotifApp/Pods-PushBetNotifApp-frameworks.sh\"\n";
			showEnvVarsInLog = 0;
		};
		962D73227405DBDACC978581 /* [CP] Check Pods Manifest.lock */ = {
			isa = PBXShellScriptBuildPhase;
			buildActionMask = 2147483647;
			files = (
			);
			inputFileListPaths = (
			);
			inputPaths = (
				"${PODS_PODFILE_DIR_PATH}/Podfile.lock",
				"${PODS_ROOT}/Manifest.lock",
			);
			name = "[CP] Check Pods Manifest.lock";
			outputFileListPaths = (
			);
			outputPaths = (
				"$(DERIVED_FILE_DIR)/Pods-PushBetNotifApp-checkManifestLockResult.txt",
			);
			runOnlyForDeploymentPostprocessing = 0;
			shellPath = /bin/sh;
			shellScript = "diff \"${PODS_PODFILE_DIR_PATH}/Podfile.lock\" \"${PODS_ROOT}/Manifest.lock\" > /dev/null\nif [ $? != 0 ] ; then\n    # print error to STDERR\n    echo \"error: The sandbox is not in sync with the Podfile.lock. Run 'pod install' or update your CocoaPods installation.\" >&2\n    exit 1\nfi\n# This output is used by Xcode 'outputs' to avoid re-running this script phase.\necho \"SUCCESS\" > \"${SCRIPT_OUTPUT_FILE_0}\"\n";
			showEnvVarsInLog = 0;
		};
/* End PBXShellScriptBuildPhase section */

/* Begin PBXSourcesBuildPhase section */
		8013E4A02D99B22B00EA4E6F /* Sources */ = {
			isa = PBXSourcesBuildPhase;
			buildActionMask = 2147483647;
			files = (
			);
			runOnlyForDeploymentPostprocessing = 0;
		};
		8013E4B02D99B22F00EA4E6F /* Sources */ = {
			isa = PBXSourcesBuildPhase;
			buildActionMask = 2147483647;
			files = (
			);
			runOnlyForDeploymentPostprocessing = 0;
		};
		8013E4BA2D99B23000EA4E6F /* Sources */ = {
			isa = PBXSourcesBuildPhase;
			buildActionMask = 2147483647;
			files = (
			);
			runOnlyForDeploymentPostprocessing = 0;
		};
/* End PBXSourcesBuildPhase section */

/* Begin PBXTargetDependency section */
		8013E4B62D99B22F00EA4E6F /* PBXTargetDependency */ = {
			isa = PBXTargetDependency;
			target = 8013E4A32D99B22B00EA4E6F /* PushBetNotifApp */;
			targetProxy = 8013E4B52D99B22F00EA4E6F /* PBXContainerItemProxy */;
		};
		8013E4C02D99B23000EA4E6F /* PBXTargetDependency */ = {
			isa = PBXTargetDependency;
			target = 8013E4A32D99B22B00EA4E6F /* PushBetNotifApp */;
			targetProxy = 8013E4BF2D99B23000EA4E6F /* PBXContainerItemProxy */;
		};
/* End PBXTargetDependency section */

/* Begin XCBuildConfiguration section */
		8013E4C62D99B23000EA4E6F /* Debug */ = {
			isa = XCBuildConfiguration;
			buildSettings = {
				ALWAYS_SEARCH_USER_PATHS = NO;
				ASSETCATALOG_COMPILER_GENERATE_SWIFT_ASSET_SYMBOL_EXTENSIONS = YES;
				CLANG_ANALYZER_NONNULL = YES;
				CLANG_ANALYZER_NUMBER_OBJECT_CONVERSION = YES_AGGRESSIVE;
				CLANG_CXX_LANGUAGE_STANDARD = "gnu++20";
				CLANG_ENABLE_MODULES = YES;
				CLANG_ENABLE_OBJC_ARC = YES;
				CLANG_ENABLE_OBJC_WEAK = YES;
				CLANG_WARN_BLOCK_CAPTURE_AUTORELEASING = YES;
				CLANG_WARN_BOOL_CONVERSION = YES;
				CLANG_WARN_COMMA = YES;
				CLANG_WARN_CONSTANT_CONVERSION = YES;
				CLANG_WARN_DEPRECATED_OBJC_IMPLEMENTATIONS = YES;
				CLANG_WARN_DIRECT_OBJC_ISA_USAGE = YES_ERROR;
				CLANG_WARN_DOCUMENTATION_COMMENTS = YES;
				CLANG_WARN_EMPTY_BODY = YES;
				CLANG_WARN_ENUM_CONVERSION = YES;
				CLANG_WARN_INFINITE_RECURSION = YES;
				CLANG_WARN_INT_CONVERSION = YES;
				CLANG_WARN_NON_LITERAL_NULL_CONVERSION = YES;
				CLANG_WARN_OBJC_IMPLICIT_RETAIN_SELF = YES;
				CLANG_WARN_OBJC_LITERAL_CONVERSION = YES;
				CLANG_WARN_OBJC_ROOT_CLASS = YES_ERROR;
				CLANG_WARN_QUOTED_INCLUDE_IN_FRAMEWORK_HEADER = YES;
				CLANG_WARN_RANGE_LOOP_ANALYSIS = YES;
				CLANG_WARN_STRICT_PROTOTYPES = YES;
				CLANG_WARN_SUSPICIOUS_MOVE = YES;
				CLANG_WARN_UNGUARDED_AVAILABILITY = YES_AGGRESSIVE;
				CLANG_WARN_UNREACHABLE_CODE = YES;
				CLANG_WARN__DUPLICATE_METHOD_MATCH = YES;
				COPY_PHASE_STRIP = NO;
				DEBUG_INFORMATION_FORMAT = dwarf;
				ENABLE_STRICT_OBJC_MSGSEND = YES;
				ENABLE_TESTABILITY = YES;
				ENABLE_USER_SCRIPT_SANDBOXING = YES;
				GCC_C_LANGUAGE_STANDARD = gnu17;
				GCC_DYNAMIC_NO_PIC = NO;
				GCC_NO_COMMON_BLOCKS = YES;
				GCC_OPTIMIZATION_LEVEL = 0;
				GCC_PREPROCESSOR_DEFINITIONS = (
					"DEBUG=1",
					"$(inherited)",
				);
				GCC_WARN_64_TO_32_BIT_CONVERSION = YES;
				GCC_WARN_ABOUT_RETURN_TYPE = YES_ERROR;
				GCC_WARN_UNDECLARED_SELECTOR = YES;
				GCC_WARN_UNINITIALIZED_AUTOS = YES_AGGRESSIVE;
				GCC_WARN_UNUSED_FUNCTION = YES;
				GCC_WARN_UNUSED_VARIABLE = YES;
				IPHONEOS_DEPLOYMENT_TARGET = 18.2;
				LOCALIZATION_PREFERS_STRING_CATALOGS = YES;
				MTL_ENABLE_DEBUG_INFO = INCLUDE_SOURCE;
				MTL_FAST_MATH = YES;
				ONLY_ACTIVE_ARCH = YES;
				SDKROOT = iphoneos;
				SWIFT_ACTIVE_COMPILATION_CONDITIONS = "DEBUG $(inherited)";
				SWIFT_OPTIMIZATION_LEVEL = "-Onone";
			};
			name = Debug;
		};
		8013E4C72D99B23000EA4E6F /* Release */ = {
			isa = XCBuildConfiguration;
			buildSettings = {
				ALWAYS_SEARCH_USER_PATHS = NO;
				ASSETCATALOG_COMPILER_GENERATE_SWIFT_ASSET_SYMBOL_EXTENSIONS = YES;
				CLANG_ANALYZER_NONNULL = YES;
				CLANG_ANALYZER_NUMBER_OBJECT_CONVERSION = YES_AGGRESSIVE;
				CLANG_CXX_LANGUAGE_STANDARD = "gnu++20";
				CLANG_ENABLE_MODULES = YES;
				CLANG_ENABLE_OBJC_ARC = YES;
				CLANG_ENABLE_OBJC_WEAK = YES;
				CLANG_WARN_BLOCK_CAPTURE_AUTORELEASING = YES;
				CLANG_WARN_BOOL_CONVERSION = YES;
				CLANG_WARN_COMMA = YES;
				CLANG_WARN_CONSTANT_CONVERSION = YES;
				CLANG_WARN_DEPRECATED_OBJC_IMPLEMENTATIONS = YES;
				CLANG_WARN_DIRECT_OBJC_ISA_USAGE = YES_ERROR;
				CLANG_WARN_DOCUMENTATION_COMMENTS = YES;
				CLANG_WARN_EMPTY_BODY = YES;
				CLANG_WARN_ENUM_CONVERSION = YES;
				CLANG_WARN_INFINITE_RECURSION = YES;
				CLANG_WARN_INT_CONVERSION = YES;
				CLANG_WARN_NON_LITERAL_NULL_CONVERSION = YES;
				CLANG_WARN_OBJC_IMPLICIT_RETAIN_SELF = YES;
				CLANG_WARN_OBJC_LITERAL_CONVERSION = YES;
				CLANG_WARN_OBJC_ROOT_CLASS = YES_ERROR;
				CLANG_WARN_QUOTED_INCLUDE_IN_FRAMEWORK_HEADER = YES;
				CLANG_WARN_RANGE_LOOP_ANALYSIS = YES;
				CLANG_WARN_STRICT_PROTOTYPES = YES;
				CLANG_WARN_SUSPICIOUS_MOVE = YES;
				CLANG_WARN_UNGUARDED_AVAILABILITY = YES_AGGRESSIVE;
				CLANG_WARN_UNREACHABLE_CODE = YES;
				CLANG_WARN__DUPLICATE_METHOD_MATCH = YES;
				COPY_PHASE_STRIP = NO;
				DEBUG_INFORMATION_FORMAT = "dwarf-with-dsym";
				ENABLE_NS_ASSERTIONS = NO;
				ENABLE_STRICT_OBJC_MSGSEND = YES;
				ENABLE_USER_SCRIPT_SANDBOXING = YES;
				GCC_C_LANGUAGE_STANDARD = gnu17;
				GCC_NO_COMMON_BLOCKS = YES;
				GCC_WARN_64_TO_32_BIT_CONVERSION = YES;
				GCC_WARN_ABOUT_RETURN_TYPE = YES_ERROR;
				GCC_WARN_UNDECLARED_SELECTOR = YES;
				GCC_WARN_UNINITIALIZED_AUTOS = YES_AGGRESSIVE;
				GCC_WARN_UNUSED_FUNCTION = YES;
				GCC_WARN_UNUSED_VARIABLE = YES;
				IPHONEOS_DEPLOYMENT_TARGET = 18.2;
				LOCALIZATION_PREFERS_STRING_CATALOGS = YES;
				MTL_ENABLE_DEBUG_INFO = NO;
				MTL_FAST_MATH = YES;
				SDKROOT = iphoneos;
				SWIFT_COMPILATION_MODE = wholemodule;
				VALIDATE_PRODUCT = YES;
			};
			name = Release;
		};
		8013E4C92D99B23000EA4E6F /* Debug */ = {
			isa = XCBuildConfiguration;
			baseConfigurationReference = 8FDFC02CBADE768D9693AC2A /* Pods-PushBetNotifApp.debug.xcconfig */;
			buildSettings = {
				ASSETCATALOG_COMPILER_APPICON_NAME = AppIcon;
				ASSETCATALOG_COMPILER_GLOBAL_ACCENT_COLOR_NAME = AccentColor;
				CODE_SIGN_ENTITLEMENTS = PushBetNotifApp/PushBetNotifAppDebug.entitlements;
				CODE_SIGN_STYLE = Automatic;
				CURRENT_PROJECT_VERSION = 1;
				DEBUG_INFORMATION_FORMAT = dwarf;
				DEVELOPMENT_ASSET_PATHS = "\"PushBetNotifApp/Preview Content\"";
				DEVELOPMENT_TEAM = CW7KGG3U8R;
				ENABLE_PREVIEWS = YES;
				ENABLE_USER_SCRIPT_SANDBOXING = NO;
				GENERATE_INFOPLIST_FILE = YES;
				INFOPLIST_FILE = PushBetNotifApp/Info.plist;
				INFOPLIST_KEY_UIApplicationSceneManifest_Generation = YES;
				INFOPLIST_KEY_UIApplicationSupportsIndirectInputEvents = YES;
				INFOPLIST_KEY_UILaunchScreen_Generation = YES;
				INFOPLIST_KEY_UISupportedInterfaceOrientations_iPad = "UIInterfaceOrientationPortrait UIInterfaceOrientationPortraitUpsideDown UIInterfaceOrientationLandscapeLeft UIInterfaceOrientationLandscapeRight";
				INFOPLIST_KEY_UISupportedInterfaceOrientations_iPhone = "UIInterfaceOrientationPortrait UIInterfaceOrientationLandscapeLeft UIInterfaceOrientationLandscapeRight";
				LD_RUNPATH_SEARCH_PATHS = (
					"$(inherited)",
					"@executable_path/Frameworks",
				);
				MARKETING_VERSION = 1.0;
				"OTHER_CFLAGS[arch=*]" = "-Wno-quoted-include-in-framework-header";
				PRODUCT_BUNDLE_IDENTIFIER = com.jmasri.PushBetNotifApp;
				PRODUCT_NAME = "$(TARGET_NAME)";
				SWIFT_EMIT_LOC_STRINGS = YES;
				SWIFT_VERSION = 5.0;
				TARGETED_DEVICE_FAMILY = "1,2";
			};
			name = Debug;
		};
		8013E4CA2D99B23000EA4E6F /* Release */ = {
			isa = XCBuildConfiguration;
			baseConfigurationReference = BF3A89213697101325A2C108 /* Pods-PushBetNotifApp.release.xcconfig */;
			buildSettings = {
				ASSETCATALOG_COMPILER_APPICON_NAME = AppIcon;
				ASSETCATALOG_COMPILER_GLOBAL_ACCENT_COLOR_NAME = AccentColor;
				CODE_SIGN_ENTITLEMENTS = PushBetNotifApp/PushBetNotifApp.entitlements;
				CODE_SIGN_STYLE = Automatic;
				CURRENT_PROJECT_VERSION = 1;
				DEVELOPMENT_ASSET_PATHS = "\"PushBetNotifApp/Preview Content\"";
				DEVELOPMENT_TEAM = CW7KGG3U8R;
				ENABLE_PREVIEWS = YES;
				ENABLE_USER_SCRIPT_SANDBOXING = NO;
				GENERATE_INFOPLIST_FILE = YES;
				INFOPLIST_FILE = PushBetNotifApp/Info.plist;
				INFOPLIST_KEY_UIApplicationSceneManifest_Generation = YES;
				INFOPLIST_KEY_UIApplicationSupportsIndirectInputEvents = YES;
				INFOPLIST_KEY_UILaunchScreen_Generation = YES;
				INFOPLIST_KEY_UISupportedInterfaceOrientations_iPad = "UIInterfaceOrientationPortrait UIInterfaceOrientationPortraitUpsideDown UIInterfaceOrientationLandscapeLeft UIInterfaceOrientationLandscapeRight";
				INFOPLIST_KEY_UISupportedInterfaceOrientations_iPhone = "UIInterfaceOrientationPortrait UIInterfaceOrientationLandscapeLeft UIInterfaceOrientationLandscapeRight";
				LD_RUNPATH_SEARCH_PATHS = (
					"$(inherited)",
					"@executable_path/Frameworks",
				);
				MARKETING_VERSION = 1.0;
				"OTHER_CFLAGS[arch=*]" = "-Wno-quoted-include-in-framework-header";
				PRODUCT_BUNDLE_IDENTIFIER = com.jmasri.PushBetNotifApp;
				PRODUCT_NAME = "$(TARGET_NAME)";
				SWIFT_EMIT_LOC_STRINGS = YES;
				SWIFT_VERSION = 5.0;
				TARGETED_DEVICE_FAMILY = "1,2";
			};
			name = Release;
		};
		8013E4CC2D99B23000EA4E6F /* Debug */ = {
			isa = XCBuildConfiguration;
			buildSettings = {
				BUNDLE_LOADER = "$(TEST_HOST)";
				CODE_SIGN_STYLE = Automatic;
				CURRENT_PROJECT_VERSION = 1;
				DEVELOPMENT_TEAM = CW7KGG3U8R;
				GENERATE_INFOPLIST_FILE = YES;
				IPHONEOS_DEPLOYMENT_TARGET = 18.2;
				MARKETING_VERSION = 1.0;
				PRODUCT_BUNDLE_IDENTIFIER = com.jmasri.PushBetNotifAppTests;
				PRODUCT_NAME = "$(TARGET_NAME)";
				SWIFT_EMIT_LOC_STRINGS = NO;
				SWIFT_VERSION = 5.0;
				TARGETED_DEVICE_FAMILY = "1,2";
				TEST_HOST = "$(BUILT_PRODUCTS_DIR)/PushBetNotifApp.app/$(BUNDLE_EXECUTABLE_FOLDER_PATH)/PushBetNotifApp";
			};
			name = Debug;
		};
		8013E4CD2D99B23000EA4E6F /* Release */ = {
			isa = XCBuildConfiguration;
			buildSettings = {
				BUNDLE_LOADER = "$(TEST_HOST)";
				CODE_SIGN_STYLE = Automatic;
				CURRENT_PROJECT_VERSION = 1;
				DEVELOPMENT_TEAM = CW7KGG3U8R;
				GENERATE_INFOPLIST_FILE = YES;
				IPHONEOS_DEPLOYMENT_TARGET = 18.2;
				MARKETING_VERSION = 1.0;
				PRODUCT_BUNDLE_IDENTIFIER = com.jmasri.PushBetNotifAppTests;
				PRODUCT_NAME = "$(TARGET_NAME)";
				SWIFT_EMIT_LOC_STRINGS = NO;
				SWIFT_VERSION = 5.0;
				TARGETED_DEVICE_FAMILY = "1,2";
				TEST_HOST = "$(BUILT_PRODUCTS_DIR)/PushBetNotifApp.app/$(BUNDLE_EXECUTABLE_FOLDER_PATH)/PushBetNotifApp";
			};
			name = Release;
		};
		8013E4CF2D99B23000EA4E6F /* Debug */ = {
			isa = XCBuildConfiguration;
			buildSettings = {
				CODE_SIGN_STYLE = Automatic;
				CURRENT_PROJECT_VERSION = 1;
				DEVELOPMENT_TEAM = CW7KGG3U8R;
				GENERATE_INFOPLIST_FILE = YES;
				MARKETING_VERSION = 1.0;
				PRODUCT_BUNDLE_IDENTIFIER = com.jmasri.PushBetNotifAppUITests;
				PRODUCT_NAME = "$(TARGET_NAME)";
				SWIFT_EMIT_LOC_STRINGS = NO;
				SWIFT_VERSION = 5.0;
				TARGETED_DEVICE_FAMILY = "1,2";
				TEST_TARGET_NAME = PushBetNotifApp;
			};
			name = Debug;
		};
		8013E4D02D99B23000EA4E6F /* Release */ = {
			isa = XCBuildConfiguration;
			buildSettings = {
				CODE_SIGN_STYLE = Automatic;
				CURRENT_PROJECT_VERSION = 1;
				DEVELOPMENT_TEAM = CW7KGG3U8R;
				GENERATE_INFOPLIST_FILE = YES;
				MARKETING_VERSION = 1.0;
				PRODUCT_BUNDLE_IDENTIFIER = com.jmasri.PushBetNotifAppUITests;
				PRODUCT_NAME = "$(TARGET_NAME)";
				SWIFT_EMIT_LOC_STRINGS = NO;
				SWIFT_VERSION = 5.0;
				TARGETED_DEVICE_FAMILY = "1,2";
				TEST_TARGET_NAME = PushBetNotifApp;
			};
			name = Release;
		};
/* End XCBuildConfiguration section */

/* Begin XCConfigurationList section */
		8013E49F2D99B22B00EA4E6F /* Build configuration list for PBXProject "PushBetNotifApp" */ = {
			isa = XCConfigurationList;
			buildConfigurations = (
				8013E4C62D99B23000EA4E6F /* Debug */,
				8013E4C72D99B23000EA4E6F /* Release */,
			);
			defaultConfigurationIsVisible = 0;
			defaultConfigurationName = Release;
		};
		8013E4C82D99B23000EA4E6F /* Build configuration list for PBXNativeTarget "PushBetNotifApp" */ = {
			isa = XCConfigurationList;
			buildConfigurations = (
				8013E4C92D99B23000EA4E6F /* Debug */,
				8013E4CA2D99B23000EA4E6F /* Release */,
			);
			defaultConfigurationIsVisible = 0;
			defaultConfigurationName = Release;
		};
		8013E4CB2D99B23000EA4E6F /* Build configuration list for PBXNativeTarget "PushBetNotifAppTests" */ = {
			isa = XCConfigurationList;
			buildConfigurations = (
				8013E4CC2D99B23000EA4E6F /* Debug */,
				8013E4CD2D99B23000EA4E6F /* Release */,
			);
			defaultConfigurationIsVisible = 0;
			defaultConfigurationName = Release;
		};
		8013E4CE2D99B23000EA4E6F /* Build configuration list for PBXNativeTarget "PushBetNotifAppUITests" */ = {
			isa = XCConfigurationList;
			buildConfigurations = (
				8013E4CF2D99B23000EA4E6F /* Debug */,
				8013E4D02D99B23000EA4E6F /* Release */,
			);
			defaultConfigurationIsVisible = 0;
			defaultConfigurationName = Release;
		};
/* End XCConfigurationList section */

/* Begin XCRemoteSwiftPackageReference section */
		80731FA42D9A74080086A0FA /* XCRemoteSwiftPackageReference "firebase-ios-sdk" */ = {
			isa = XCRemoteSwiftPackageReference;
			repositoryURL = "https://github.com/firebase/firebase-ios-sdk";
			requirement = {
				kind = upToNextMajorVersion;
				minimumVersion = 11.10.0;
			};
		};
/* End XCRemoteSwiftPackageReference section */

/* Begin XCSwiftPackageProductDependency section */
		80731FA52D9A74080086A0FA /* FirebaseAnalytics */ = {
			isa = XCSwiftPackageProductDependency;
			package = 80731FA42D9A74080086A0FA /* XCRemoteSwiftPackageReference "firebase-ios-sdk" */;
			productName = FirebaseAnalytics;
		};
		80731FA72D9A74080086A0FA /* FirebaseAnalyticsOnDeviceConversion */ = {
			isa = XCSwiftPackageProductDependency;
			package = 80731FA42D9A74080086A0FA /* XCRemoteSwiftPackageReference "firebase-ios-sdk" */;
			productName = FirebaseAnalyticsOnDeviceConversion;
		};
		80731FA92D9A74080086A0FA /* FirebaseAnalyticsWithoutAdIdSupport */ = {
			isa = XCSwiftPackageProductDependency;
			package = 80731FA42D9A74080086A0FA /* XCRemoteSwiftPackageReference "firebase-ios-sdk" */;
			productName = FirebaseAnalyticsWithoutAdIdSupport;
		};
		80731FAB2D9A74080086A0FA /* FirebaseAppCheck */ = {
			isa = XCSwiftPackageProductDependency;
			package = 80731FA42D9A74080086A0FA /* XCRemoteSwiftPackageReference "firebase-ios-sdk" */;
			productName = FirebaseAppCheck;
		};
		80731FAD2D9A74080086A0FA /* FirebaseAppDistribution-Beta */ = {
			isa = XCSwiftPackageProductDependency;
			package = 80731FA42D9A74080086A0FA /* XCRemoteSwiftPackageReference "firebase-ios-sdk" */;
			productName = "FirebaseAppDistribution-Beta";
		};
		80A49B892D9AF8AA0003FB4E /* FirebaseAnalytics */ = {
			isa = XCSwiftPackageProductDependency;
			package = 80731FA42D9A74080086A0FA /* XCRemoteSwiftPackageReference "firebase-ios-sdk" */;
			productName = FirebaseAnalytics;
		};
		80A49B8B2D9AF8AA0003FB4E /* FirebaseAppCheck */ = {
			isa = XCSwiftPackageProductDependency;
			package = 80731FA42D9A74080086A0FA /* XCRemoteSwiftPackageReference "firebase-ios-sdk" */;
			productName = FirebaseAppCheck;
		};
		80A49B8D2D9AF8AA0003FB4E /* FirebaseAuth */ = {
			isa = XCSwiftPackageProductDependency;
			package = 80731FA42D9A74080086A0FA /* XCRemoteSwiftPackageReference "firebase-ios-sdk" */;
			productName = FirebaseAuth;
		};
		80A49B8F2D9AF8AA0003FB4E /* FirebaseCore */ = {
			isa = XCSwiftPackageProductDependency;
			package = 80731FA42D9A74080086A0FA /* XCRemoteSwiftPackageReference "firebase-ios-sdk" */;
			productName = FirebaseCore;
		};
		80A49B912D9AF8AA0003FB4E /* FirebaseFirestore */ = {
			isa = XCSwiftPackageProductDependency;
			package = 80731FA42D9A74080086A0FA /* XCRemoteSwiftPackageReference "firebase-ios-sdk" */;
			productName = FirebaseFirestore;
		};
		80A49B932D9AF8AA0003FB4E /* FirebaseMessaging */ = {
			isa = XCSwiftPackageProductDependency;
			package = 80731FA42D9A74080086A0FA /* XCRemoteSwiftPackageReference "firebase-ios-sdk" */;
			productName = FirebaseMessaging;
		};
		80A49B952D9AF8AA0003FB4E /* FirebaseRemoteConfig */ = {
			isa = XCSwiftPackageProductDependency;
			package = 80731FA42D9A74080086A0FA /* XCRemoteSwiftPackageReference "firebase-ios-sdk" */;
			productName = FirebaseRemoteConfig;
		};
/* End XCSwiftPackageProductDependency section */
	};
	rootObject = 8013E49C2D99B22B00EA4E6F /* Project object */;
}
